// !$*UTF8*$!
{
	archiveVersion = 1;
	classes = {
	};
	objectVersion = 50;
	objects = {

/* Begin PBXBuildFile section */
		653ED16D25CCBC76009C5D84 /* RemoteFeedLoader.swift in Sources */ = {isa = PBXBuildFile; fileRef = 653ED16C25CCBC76009C5D84 /* RemoteFeedLoader.swift */; };
		6543322725CCA4EA0058FFF5 /* EssentialFeed.framework in Frameworks */ = {isa = PBXBuildFile; fileRef = 6543321D25CCA4EA0058FFF5 /* EssentialFeed.framework */; };
		6543322E25CCA4EA0058FFF5 /* EssentialFeed.h in Headers */ = {isa = PBXBuildFile; fileRef = 6543322025CCA4EA0058FFF5 /* EssentialFeed.h */; settings = {ATTRIBUTES = (Public, ); }; };
		6543323A25CCA5260058FFF5 /* FeedItem.swift in Sources */ = {isa = PBXBuildFile; fileRef = 6543323925CCA5260058FFF5 /* FeedItem.swift */; };
		6543323E25CCA6280058FFF5 /* FeedLoader.swift in Sources */ = {isa = PBXBuildFile; fileRef = 6543323D25CCA6280058FFF5 /* FeedLoader.swift */; };
		6543324525CCABB30058FFF5 /* RemoteFeedLoaderTests.swift in Sources */ = {isa = PBXBuildFile; fileRef = 6543324425CCABB30058FFF5 /* RemoteFeedLoaderTests.swift */; };
		658D286C25DF4EB0005EF60F /* URLSessionHTTPClientTests.swift in Sources */ = {isa = PBXBuildFile; fileRef = 658D286B25DF4EB0005EF60F /* URLSessionHTTPClientTests.swift */; };
		65BBC02725D455DD00D66EA2 /* HTTPClient.swift in Sources */ = {isa = PBXBuildFile; fileRef = 65BBC02625D455DD00D66EA2 /* HTTPClient.swift */; };
		65BBC02925D4563300D66EA2 /* FeedItemMapper.swift in Sources */ = {isa = PBXBuildFile; fileRef = 65BBC02825D4563300D66EA2 /* FeedItemMapper.swift */; };
/* End PBXBuildFile section */

/* Begin PBXContainerItemProxy section */
		6543322825CCA4EA0058FFF5 /* PBXContainerItemProxy */ = {
			isa = PBXContainerItemProxy;
			containerPortal = 6543321425CCA4EA0058FFF5 /* Project object */;
			proxyType = 1;
			remoteGlobalIDString = 6543321C25CCA4EA0058FFF5;
			remoteInfo = EssentialFeed;
		};
/* End PBXContainerItemProxy section */

/* Begin PBXFileReference section */
		653ED16C25CCBC76009C5D84 /* RemoteFeedLoader.swift */ = {isa = PBXFileReference; lastKnownFileType = sourcecode.swift; path = RemoteFeedLoader.swift; sourceTree = "<group>"; };
		6543321D25CCA4EA0058FFF5 /* EssentialFeed.framework */ = {isa = PBXFileReference; explicitFileType = wrapper.framework; includeInIndex = 0; path = EssentialFeed.framework; sourceTree = BUILT_PRODUCTS_DIR; };
		6543322025CCA4EA0058FFF5 /* EssentialFeed.h */ = {isa = PBXFileReference; lastKnownFileType = sourcecode.c.h; path = EssentialFeed.h; sourceTree = "<group>"; };
		6543322125CCA4EA0058FFF5 /* Info.plist */ = {isa = PBXFileReference; lastKnownFileType = text.plist.xml; path = Info.plist; sourceTree = "<group>"; };
		6543322625CCA4EA0058FFF5 /* EssentialFeedTests.xctest */ = {isa = PBXFileReference; explicitFileType = wrapper.cfbundle; includeInIndex = 0; path = EssentialFeedTests.xctest; sourceTree = BUILT_PRODUCTS_DIR; };
		6543322D25CCA4EA0058FFF5 /* Info.plist */ = {isa = PBXFileReference; lastKnownFileType = text.plist.xml; path = Info.plist; sourceTree = "<group>"; };
		6543323925CCA5260058FFF5 /* FeedItem.swift */ = {isa = PBXFileReference; lastKnownFileType = sourcecode.swift; path = FeedItem.swift; sourceTree = "<group>"; };
		6543323D25CCA6280058FFF5 /* FeedLoader.swift */ = {isa = PBXFileReference; lastKnownFileType = sourcecode.swift; path = FeedLoader.swift; sourceTree = "<group>"; };
		6543324425CCABB30058FFF5 /* RemoteFeedLoaderTests.swift */ = {isa = PBXFileReference; lastKnownFileType = sourcecode.swift; path = RemoteFeedLoaderTests.swift; sourceTree = "<group>"; };
		658D286B25DF4EB0005EF60F /* URLSessionHTTPClientTests.swift */ = {isa = PBXFileReference; lastKnownFileType = sourcecode.swift; path = URLSessionHTTPClientTests.swift; sourceTree = "<group>"; };
		65BBC02625D455DD00D66EA2 /* HTTPClient.swift */ = {isa = PBXFileReference; lastKnownFileType = sourcecode.swift; path = HTTPClient.swift; sourceTree = "<group>"; };
		65BBC02825D4563300D66EA2 /* FeedItemMapper.swift */ = {isa = PBXFileReference; lastKnownFileType = sourcecode.swift; path = FeedItemMapper.swift; sourceTree = "<group>"; };
/* End PBXFileReference section */

/* Begin PBXFrameworksBuildPhase section */
		6543321A25CCA4EA0058FFF5 /* Frameworks */ = {
			isa = PBXFrameworksBuildPhase;
			buildActionMask = 2147483647;
			files = (
			);
			runOnlyForDeploymentPostprocessing = 0;
		};
		6543322325CCA4EA0058FFF5 /* Frameworks */ = {
			isa = PBXFrameworksBuildPhase;
			buildActionMask = 2147483647;
			files = (
				6543322725CCA4EA0058FFF5 /* EssentialFeed.framework in Frameworks */,
			);
			runOnlyForDeploymentPostprocessing = 0;
		};
/* End PBXFrameworksBuildPhase section */

/* Begin PBXGroup section */
		653ED16B25CCBC66009C5D84 /* Feed API */ = {
			isa = PBXGroup;
			children = (
				653ED16C25CCBC76009C5D84 /* RemoteFeedLoader.swift */,
				65BBC02825D4563300D66EA2 /* FeedItemMapper.swift */,
				65BBC02625D455DD00D66EA2 /* HTTPClient.swift */,
			);
			path = "Feed API";
			sourceTree = "<group>";
		};
		6543321325CCA4EA0058FFF5 = {
			isa = PBXGroup;
			children = (
				6543321F25CCA4EA0058FFF5 /* EssentialFeed */,
				6543322A25CCA4EA0058FFF5 /* EssentialFeedTests */,
				6543321E25CCA4EA0058FFF5 /* Products */,
			);
			sourceTree = "<group>";
		};
		6543321E25CCA4EA0058FFF5 /* Products */ = {
			isa = PBXGroup;
			children = (
				6543321D25CCA4EA0058FFF5 /* EssentialFeed.framework */,
				6543322625CCA4EA0058FFF5 /* EssentialFeedTests.xctest */,
			);
			name = Products;
			sourceTree = "<group>";
		};
		6543321F25CCA4EA0058FFF5 /* EssentialFeed */ = {
			isa = PBXGroup;
			children = (
				6543322025CCA4EA0058FFF5 /* EssentialFeed.h */,
				6543322125CCA4EA0058FFF5 /* Info.plist */,
				653ED16B25CCBC66009C5D84 /* Feed API */,
				6543324125CCA7100058FFF5 /* Feed Feature */,
			);
			path = EssentialFeed;
			sourceTree = "<group>";
		};
		6543322A25CCA4EA0058FFF5 /* EssentialFeedTests */ = {
			isa = PBXGroup;
			children = (
				6543322D25CCA4EA0058FFF5 /* Info.plist */,
				65BBC02A25D45C2300D66EA2 /* Feed API */,
			);
			path = EssentialFeedTests;
			sourceTree = "<group>";
		};
		6543324125CCA7100058FFF5 /* Feed Feature */ = {
			isa = PBXGroup;
			children = (
				6543323925CCA5260058FFF5 /* FeedItem.swift */,
				6543323D25CCA6280058FFF5 /* FeedLoader.swift */,
			);
			path = "Feed Feature";
			sourceTree = "<group>";
		};
		65BBC02A25D45C2300D66EA2 /* Feed API */ = {
			isa = PBXGroup;
			children = (
				6543324425CCABB30058FFF5 /* RemoteFeedLoaderTests.swift */,
				658D286B25DF4EB0005EF60F /* URLSessionHTTPClientTests.swift */,
			);
			path = "Feed API";
			sourceTree = "<group>";
		};
/* End PBXGroup section */

/* Begin PBXHeadersBuildPhase section */
		6543321825CCA4EA0058FFF5 /* Headers */ = {
			isa = PBXHeadersBuildPhase;
			buildActionMask = 2147483647;
			files = (
				6543322E25CCA4EA0058FFF5 /* EssentialFeed.h in Headers */,
			);
			runOnlyForDeploymentPostprocessing = 0;
		};
/* End PBXHeadersBuildPhase section */

/* Begin PBXNativeTarget section */
		6543321C25CCA4EA0058FFF5 /* EssentialFeed */ = {
			isa = PBXNativeTarget;
			buildConfigurationList = 6543323125CCA4EA0058FFF5 /* Build configuration list for PBXNativeTarget "EssentialFeed" */;
			buildPhases = (
				6543321825CCA4EA0058FFF5 /* Headers */,
				6543321925CCA4EA0058FFF5 /* Sources */,
				6543321A25CCA4EA0058FFF5 /* Frameworks */,
				6543321B25CCA4EA0058FFF5 /* Resources */,
			);
			buildRules = (
			);
			dependencies = (
			);
			name = EssentialFeed;
			productName = EssentialFeed;
			productReference = 6543321D25CCA4EA0058FFF5 /* EssentialFeed.framework */;
			productType = "com.apple.product-type.framework";
		};
		6543322525CCA4EA0058FFF5 /* EssentialFeedTests */ = {
			isa = PBXNativeTarget;
			buildConfigurationList = 6543323425CCA4EA0058FFF5 /* Build configuration list for PBXNativeTarget "EssentialFeedTests" */;
			buildPhases = (
				6543322225CCA4EA0058FFF5 /* Sources */,
				6543322325CCA4EA0058FFF5 /* Frameworks */,
				6543322425CCA4EA0058FFF5 /* Resources */,
			);
			buildRules = (
			);
			dependencies = (
				6543322925CCA4EA0058FFF5 /* PBXTargetDependency */,
			);
			name = EssentialFeedTests;
			productName = EssentialFeedTests;
			productReference = 6543322625CCA4EA0058FFF5 /* EssentialFeedTests.xctest */;
			productType = "com.apple.product-type.bundle.unit-test";
		};
/* End PBXNativeTarget section */

/* Begin PBXProject section */
		6543321425CCA4EA0058FFF5 /* Project object */ = {
			isa = PBXProject;
			attributes = {
				LastSwiftUpdateCheck = 1230;
				LastUpgradeCheck = 1230;
				TargetAttributes = {
					6543321C25CCA4EA0058FFF5 = {
						CreatedOnToolsVersion = 12.3;
						LastSwiftMigration = 1230;
					};
					6543322525CCA4EA0058FFF5 = {
						CreatedOnToolsVersion = 12.3;
					};
				};
			};
			buildConfigurationList = 6543321725CCA4EA0058FFF5 /* Build configuration list for PBXProject "EssentialFeed" */;
			compatibilityVersion = "Xcode 9.3";
			developmentRegion = en;
			hasScannedForEncodings = 0;
			knownRegions = (
				en,
				Base,
			);
			mainGroup = 6543321325CCA4EA0058FFF5;
			productRefGroup = 6543321E25CCA4EA0058FFF5 /* Products */;
			projectDirPath = "";
			projectRoot = "";
			targets = (
				6543321C25CCA4EA0058FFF5 /* EssentialFeed */,
				6543322525CCA4EA0058FFF5 /* EssentialFeedTests */,
			);
		};
/* End PBXProject section */

/* Begin PBXResourcesBuildPhase section */
		6543321B25CCA4EA0058FFF5 /* Resources */ = {
			isa = PBXResourcesBuildPhase;
			buildActionMask = 2147483647;
			files = (
			);
			runOnlyForDeploymentPostprocessing = 0;
		};
		6543322425CCA4EA0058FFF5 /* Resources */ = {
			isa = PBXResourcesBuildPhase;
			buildActionMask = 2147483647;
			files = (
			);
			runOnlyForDeploymentPostprocessing = 0;
		};
/* End PBXResourcesBuildPhase section */

/* Begin PBXSourcesBuildPhase section */
		6543321925CCA4EA0058FFF5 /* Sources */ = {
			isa = PBXSourcesBuildPhase;
			buildActionMask = 2147483647;
			files = (
				6543323E25CCA6280058FFF5 /* FeedLoader.swift in Sources */,
				65BBC02925D4563300D66EA2 /* FeedItemMapper.swift in Sources */,
				653ED16D25CCBC76009C5D84 /* RemoteFeedLoader.swift in Sources */,
				65BBC02725D455DD00D66EA2 /* HTTPClient.swift in Sources */,
				6543323A25CCA5260058FFF5 /* FeedItem.swift in Sources */,
			);
			runOnlyForDeploymentPostprocessing = 0;
		};
		6543322225CCA4EA0058FFF5 /* Sources */ = {
			isa = PBXSourcesBuildPhase;
			buildActionMask = 2147483647;
			files = (
				6543324525CCABB30058FFF5 /* RemoteFeedLoaderTests.swift in Sources */,
				658D286C25DF4EB0005EF60F /* URLSessionHTTPClientTests.swift in Sources */,
			);
			runOnlyForDeploymentPostprocessing = 0;
		};
/* End PBXSourcesBuildPhase section */

/* Begin PBXTargetDependency section */
		6543322925CCA4EA0058FFF5 /* PBXTargetDependency */ = {
			isa = PBXTargetDependency;
			target = 6543321C25CCA4EA0058FFF5 /* EssentialFeed */;
			targetProxy = 6543322825CCA4EA0058FFF5 /* PBXContainerItemProxy */;
		};
/* End PBXTargetDependency section */

/* Begin XCBuildConfiguration section */
		6543322F25CCA4EA0058FFF5 /* Debug */ = {
			isa = XCBuildConfiguration;
			buildSettings = {
				ALWAYS_SEARCH_USER_PATHS = NO;
				CLANG_ANALYZER_NONNULL = YES;
				CLANG_ANALYZER_NUMBER_OBJECT_CONVERSION = YES_AGGRESSIVE;
				CLANG_CXX_LANGUAGE_STANDARD = "gnu++14";
				CLANG_CXX_LIBRARY = "libc++";
				CLANG_ENABLE_MODULES = YES;
				CLANG_ENABLE_OBJC_ARC = YES;
				CLANG_ENABLE_OBJC_WEAK = YES;
				CLANG_WARN_BLOCK_CAPTURE_AUTORELEASING = YES;
				CLANG_WARN_BOOL_CONVERSION = YES;
				CLANG_WARN_COMMA = YES;
				CLANG_WARN_CONSTANT_CONVERSION = YES;
				CLANG_WARN_DEPRECATED_OBJC_IMPLEMENTATIONS = YES;
				CLANG_WARN_DIRECT_OBJC_ISA_USAGE = YES_ERROR;
				CLANG_WARN_DOCUMENTATION_COMMENTS = YES;
				CLANG_WARN_EMPTY_BODY = YES;
				CLANG_WARN_ENUM_CONVERSION = YES;
				CLANG_WARN_INFINITE_RECURSION = YES;
				CLANG_WARN_INT_CONVERSION = YES;
				CLANG_WARN_NON_LITERAL_NULL_CONVERSION = YES;
				CLANG_WARN_OBJC_IMPLICIT_RETAIN_SELF = YES;
				CLANG_WARN_OBJC_LITERAL_CONVERSION = YES;
				CLANG_WARN_OBJC_ROOT_CLASS = YES_ERROR;
				CLANG_WARN_QUOTED_INCLUDE_IN_FRAMEWORK_HEADER = YES;
				CLANG_WARN_RANGE_LOOP_ANALYSIS = YES;
				CLANG_WARN_STRICT_PROTOTYPES = YES;
				CLANG_WARN_SUSPICIOUS_MOVE = YES;
				CLANG_WARN_UNGUARDED_AVAILABILITY = YES_AGGRESSIVE;
				CLANG_WARN_UNREACHABLE_CODE = YES;
				CLANG_WARN__DUPLICATE_METHOD_MATCH = YES;
				COPY_PHASE_STRIP = NO;
				CURRENT_PROJECT_VERSION = 1;
				DEBUG_INFORMATION_FORMAT = dwarf;
				ENABLE_STRICT_OBJC_MSGSEND = YES;
				ENABLE_TESTABILITY = YES;
				GCC_C_LANGUAGE_STANDARD = gnu11;
				GCC_DYNAMIC_NO_PIC = NO;
				GCC_NO_COMMON_BLOCKS = YES;
				GCC_OPTIMIZATION_LEVEL = 0;
				GCC_PREPROCESSOR_DEFINITIONS = (
					"DEBUG=1",
					"$(inherited)",
				);
				GCC_WARN_64_TO_32_BIT_CONVERSION = YES;
				GCC_WARN_ABOUT_RETURN_TYPE = YES_ERROR;
				GCC_WARN_UNDECLARED_SELECTOR = YES;
				GCC_WARN_UNINITIALIZED_AUTOS = YES_AGGRESSIVE;
				GCC_WARN_UNUSED_FUNCTION = YES;
				GCC_WARN_UNUSED_VARIABLE = YES;
				MACOSX_DEPLOYMENT_TARGET = 11.1;
				MTL_ENABLE_DEBUG_INFO = INCLUDE_SOURCE;
				MTL_FAST_MATH = YES;
				ONLY_ACTIVE_ARCH = YES;
				SDKROOT = macosx;
				SWIFT_ACTIVE_COMPILATION_CONDITIONS = DEBUG;
				SWIFT_OPTIMIZATION_LEVEL = "-Onone";
				VERSIONING_SYSTEM = "apple-generic";
				VERSION_INFO_PREFIX = "";
			};
			name = Debug;
		};
		6543323025CCA4EA0058FFF5 /* Release */ = {
			isa = XCBuildConfiguration;
			buildSettings = {
				ALWAYS_SEARCH_USER_PATHS = NO;
				CLANG_ANALYZER_NONNULL = YES;
				CLANG_ANALYZER_NUMBER_OBJECT_CONVERSION = YES_AGGRESSIVE;
				CLANG_CXX_LANGUAGE_STANDARD = "gnu++14";
				CLANG_CXX_LIBRARY = "libc++";
				CLANG_ENABLE_MODULES = YES;
				CLANG_ENABLE_OBJC_ARC = YES;
				CLANG_ENABLE_OBJC_WEAK = YES;
				CLANG_WARN_BLOCK_CAPTURE_AUTORELEASING = YES;
				CLANG_WARN_BOOL_CONVERSION = YES;
				CLANG_WARN_COMMA = YES;
				CLANG_WARN_CONSTANT_CONVERSION = YES;
				CLANG_WARN_DEPRECATED_OBJC_IMPLEMENTATIONS = YES;
				CLANG_WARN_DIRECT_OBJC_ISA_USAGE = YES_ERROR;
				CLANG_WARN_DOCUMENTATION_COMMENTS = YES;
				CLANG_WARN_EMPTY_BODY = YES;
				CLANG_WARN_ENUM_CONVERSION = YES;
				CLANG_WARN_INFINITE_RECURSION = YES;
				CLANG_WARN_INT_CONVERSION = YES;
				CLANG_WARN_NON_LITERAL_NULL_CONVERSION = YES;
				CLANG_WARN_OBJC_IMPLICIT_RETAIN_SELF = YES;
				CLANG_WARN_OBJC_LITERAL_CONVERSION = YES;
				CLANG_WARN_OBJC_ROOT_CLASS = YES_ERROR;
				CLANG_WARN_QUOTED_INCLUDE_IN_FRAMEWORK_HEADER = YES;
				CLANG_WARN_RANGE_LOOP_ANALYSIS = YES;
				CLANG_WARN_STRICT_PROTOTYPES = YES;
				CLANG_WARN_SUSPICIOUS_MOVE = YES;
				CLANG_WARN_UNGUARDED_AVAILABILITY = YES_AGGRESSIVE;
				CLANG_WARN_UNREACHABLE_CODE = YES;
				CLANG_WARN__DUPLICATE_METHOD_MATCH = YES;
				COPY_PHASE_STRIP = NO;
				CURRENT_PROJECT_VERSION = 1;
				DEBUG_INFORMATION_FORMAT = "dwarf-with-dsym";
				ENABLE_NS_ASSERTIONS = NO;
				ENABLE_STRICT_OBJC_MSGSEND = YES;
				GCC_C_LANGUAGE_STANDARD = gnu11;
				GCC_NO_COMMON_BLOCKS = YES;
				GCC_WARN_64_TO_32_BIT_CONVERSION = YES;
				GCC_WARN_ABOUT_RETURN_TYPE = YES_ERROR;
				GCC_WARN_UNDECLARED_SELECTOR = YES;
				GCC_WARN_UNINITIALIZED_AUTOS = YES_AGGRESSIVE;
				GCC_WARN_UNUSED_FUNCTION = YES;
				GCC_WARN_UNUSED_VARIABLE = YES;
				MACOSX_DEPLOYMENT_TARGET = 11.1;
				MTL_ENABLE_DEBUG_INFO = NO;
				MTL_FAST_MATH = YES;
				SDKROOT = macosx;
				SWIFT_COMPILATION_MODE = wholemodule;
				SWIFT_OPTIMIZATION_LEVEL = "-O";
				VERSIONING_SYSTEM = "apple-generic";
				VERSION_INFO_PREFIX = "";
			};
			name = Release;
		};
		6543323225CCA4EA0058FFF5 /* Debug */ = {
			isa = XCBuildConfiguration;
			buildSettings = {
				CLANG_ENABLE_MODULES = YES;
				CODE_SIGN_STYLE = Automatic;
				COMBINE_HIDPI_IMAGES = YES;
				DEFINES_MODULE = YES;
				DEVELOPMENT_TEAM = F39RW48V66;
				DYLIB_COMPATIBILITY_VERSION = 1;
				DYLIB_CURRENT_VERSION = 1;
				DYLIB_INSTALL_NAME_BASE = "@rpath";
				INFOPLIST_FILE = EssentialFeed/Info.plist;
				INSTALL_PATH = "$(LOCAL_LIBRARY_DIR)/Frameworks";
				LD_RUNPATH_SEARCH_PATHS = (
					"$(inherited)",
					"@executable_path/../Frameworks",
					"@loader_path/Frameworks",
				);
				PRODUCT_BUNDLE_IDENTIFIER = com.reilingapps.EssentialFeed;
				PRODUCT_NAME = "$(TARGET_NAME:c99extidentifier)";
				SKIP_INSTALL = YES;
				SWIFT_OPTIMIZATION_LEVEL = "-Onone";
				SWIFT_VERSION = 5.0;
			};
			name = Debug;
		};
		6543323325CCA4EA0058FFF5 /* Release */ = {
			isa = XCBuildConfiguration;
			buildSettings = {
				CLANG_ENABLE_MODULES = YES;
				CODE_SIGN_STYLE = Automatic;
				COMBINE_HIDPI_IMAGES = YES;
				DEFINES_MODULE = YES;
				DEVELOPMENT_TEAM = F39RW48V66;
				DYLIB_COMPATIBILITY_VERSION = 1;
				DYLIB_CURRENT_VERSION = 1;
				DYLIB_INSTALL_NAME_BASE = "@rpath";
				INFOPLIST_FILE = EssentialFeed/Info.plist;
				INSTALL_PATH = "$(LOCAL_LIBRARY_DIR)/Frameworks";
				LD_RUNPATH_SEARCH_PATHS = (
					"$(inherited)",
					"@executable_path/../Frameworks",
					"@loader_path/Frameworks",
				);
				PRODUCT_BUNDLE_IDENTIFIER = com.reilingapps.EssentialFeed;
				PRODUCT_NAME = "$(TARGET_NAME:c99extidentifier)";
				SKIP_INSTALL = YES;
				SWIFT_VERSION = 5.0;
			};
			name = Release;
		};
		6543323525CCA4EA0058FFF5 /* Debug */ = {
			isa = XCBuildConfiguration;
			buildSettings = {
				ALWAYS_EMBED_SWIFT_STANDARD_LIBRARIES = YES;
				CODE_SIGN_STYLE = Automatic;
				COMBINE_HIDPI_IMAGES = YES;
				DEVELOPMENT_TEAM = F39RW48V66;
				INFOPLIST_FILE = EssentialFeedTests/Info.plist;
				LD_RUNPATH_SEARCH_PATHS = (
					"$(inherited)",
					"@executable_path/../Frameworks",
					"@loader_path/../Frameworks",
				);
				PRODUCT_BUNDLE_IDENTIFIER = com.reilingapps.EssentialFeedTests;
				PRODUCT_NAME = "$(TARGET_NAME)";
				SWIFT_VERSION = 5.0;
			};
			name = Debug;
		};
		6543323625CCA4EA0058FFF5 /* Release */ = {
			isa = XCBuildConfiguration;
			buildSettings = {
				ALWAYS_EMBED_SWIFT_STANDARD_LIBRARIES = YES;
				CODE_SIGN_STYLE = Automatic;
				COMBINE_HIDPI_IMAGES = YES;
				DEVELOPMENT_TEAM = F39RW48V66;
				INFOPLIST_FILE = EssentialFeedTests/Info.plist;
				LD_RUNPATH_SEARCH_PATHS = (
					"$(inherited)",
					"@executable_path/../Frameworks",
					"@loader_path/../Frameworks",
				);
				PRODUCT_BUNDLE_IDENTIFIER = com.reilingapps.EssentialFeedTests;
				PRODUCT_NAME = "$(TARGET_NAME)";
				SWIFT_VERSION = 5.0;
			};
			name = Release;
		};
/* End XCBuildConfiguration section */

/* Begin XCConfigurationList section */
		6543321725CCA4EA0058FFF5 /* Build configuration list for PBXProject "EssentialFeed" */ = {
			isa = XCConfigurationList;
			buildConfigurations = (
				6543322F25CCA4EA0058FFF5 /* Debug */,
				6543323025CCA4EA0058FFF5 /* Release */,
			);
			defaultConfigurationIsVisible = 0;
			defaultConfigurationName = Release;
		};
		6543323125CCA4EA0058FFF5 /* Build configuration list for PBXNativeTarget "EssentialFeed" */ = {
			isa = XCConfigurationList;
			buildConfigurations = (
				6543323225CCA4EA0058FFF5 /* Debug */,
				6543323325CCA4EA0058FFF5 /* Release */,
			);
			defaultConfigurationIsVisible = 0;
			defaultConfigurationName = Release;
		};
		6543323425CCA4EA0058FFF5 /* Build configuration list for PBXNativeTarget "EssentialFeedTests" */ = {
			isa = XCConfigurationList;
			buildConfigurations = (
				6543323525CCA4EA0058FFF5 /* Debug */,
				6543323625CCA4EA0058FFF5 /* Release */,
			);
			defaultConfigurationIsVisible = 0;
			defaultConfigurationName = Release;
		};
/* End XCConfigurationList section */
	};
	rootObject = 6543321425CCA4EA0058FFF5 /* Project object */;
}
